// !$*UTF8*$!
{
	archiveVersion = 1;
	classes = {
	};
	objectVersion = 46;
	objects = {

/* Begin PBXBuildFile section */
		2914A4661823B9CA0079C91F /* CFNetwork.framework in Frameworks */ = {isa = PBXBuildFile; fileRef = 299F13C817F4CB42006AD9F4 /* CFNetwork.framework */; };
		2914A4671823B9D40079C91F /* Security.framework in Frameworks */ = {isa = PBXBuildFile; fileRef = 299F13CA17F4CB77006AD9F4 /* Security.framework */; };
		2939CFDA194E367E00A0C48C /* AFHTTPRequestOperation.m in Sources */ = {isa = PBXBuildFile; fileRef = 2939CF58194E367E00A0C48C /* AFHTTPRequestOperation.m */; };
		2939CFDB194E367E00A0C48C /* AFHTTPRequestOperationManager.m in Sources */ = {isa = PBXBuildFile; fileRef = 2939CF5A194E367E00A0C48C /* AFHTTPRequestOperationManager.m */; };
		2939CFDC194E367E00A0C48C /* AFHTTPSessionManager.m in Sources */ = {isa = PBXBuildFile; fileRef = 2939CF5C194E367E00A0C48C /* AFHTTPSessionManager.m */; };
		2939CFDD194E367E00A0C48C /* AFNetworkReachabilityManager.m in Sources */ = {isa = PBXBuildFile; fileRef = 2939CF5F194E367E00A0C48C /* AFNetworkReachabilityManager.m */; };
		2939CFDE194E367E00A0C48C /* AFSecurityPolicy.m in Sources */ = {isa = PBXBuildFile; fileRef = 2939CF61194E367E00A0C48C /* AFSecurityPolicy.m */; };
		2939CFDF194E367E00A0C48C /* AFURLConnectionOperation.m in Sources */ = {isa = PBXBuildFile; fileRef = 2939CF63194E367E00A0C48C /* AFURLConnectionOperation.m */; };
		2939CFE0194E367E00A0C48C /* AFURLRequestSerialization.m in Sources */ = {isa = PBXBuildFile; fileRef = 2939CF65194E367E00A0C48C /* AFURLRequestSerialization.m */; };
		2939CFE1194E367E00A0C48C /* AFURLResponseSerialization.m in Sources */ = {isa = PBXBuildFile; fileRef = 2939CF67194E367E00A0C48C /* AFURLResponseSerialization.m */; };
		2939CFE2194E367E00A0C48C /* AFURLSessionManager.m in Sources */ = {isa = PBXBuildFile; fileRef = 2939CF69194E367E00A0C48C /* AFURLSessionManager.m */; };
		2939CFE3194E367E00A0C48C /* AFNetworkActivityIndicatorManager.m in Sources */ = {isa = PBXBuildFile; fileRef = 2939CF6C194E367E00A0C48C /* AFNetworkActivityIndicatorManager.m */; };
		2939CFE4194E367E00A0C48C /* UIActivityIndicatorView+AFNetworking.m in Sources */ = {isa = PBXBuildFile; fileRef = 2939CF6E194E367E00A0C48C /* UIActivityIndicatorView+AFNetworking.m */; };
		2939CFE5194E367E00A0C48C /* UIAlertView+AFNetworking.m in Sources */ = {isa = PBXBuildFile; fileRef = 2939CF70194E367E00A0C48C /* UIAlertView+AFNetworking.m */; };
		2939CFE6194E367E00A0C48C /* UIButton+AFNetworking.m in Sources */ = {isa = PBXBuildFile; fileRef = 2939CF72194E367E00A0C48C /* UIButton+AFNetworking.m */; };
		2939CFE7194E367E00A0C48C /* UIImageView+AFNetworking.m in Sources */ = {isa = PBXBuildFile; fileRef = 2939CF74194E367E00A0C48C /* UIImageView+AFNetworking.m */; };
		2939CFE8194E367E00A0C48C /* UIProgressView+AFNetworking.m in Sources */ = {isa = PBXBuildFile; fileRef = 2939CF77194E367E00A0C48C /* UIProgressView+AFNetworking.m */; };
		2939CFE9194E367E00A0C48C /* UIRefreshControl+AFNetworking.m in Sources */ = {isa = PBXBuildFile; fileRef = 2939CF79194E367E00A0C48C /* UIRefreshControl+AFNetworking.m */; };
		2939CFEA194E367E00A0C48C /* UIWebView+AFNetworking.m in Sources */ = {isa = PBXBuildFile; fileRef = 2939CF7B194E367E00A0C48C /* UIWebView+AFNetworking.m */; };
		2939CFEB194E367E00A0C48C /* bubble.png in Resources */ = {isa = PBXBuildFile; fileRef = 2939CF7F194E367E00A0C48C /* bubble.png */; };
		2939CFEC194E367E00A0C48C /* bubble@2x.png in Resources */ = {isa = PBXBuildFile; fileRef = 2939CF80194E367E00A0C48C /* bubble@2x.png */; };
		2939CFED194E367E00A0C48C /* bubble_min.png in Resources */ = {isa = PBXBuildFile; fileRef = 2939CF81194E367E00A0C48C /* bubble_min.png */; };
		2939CFEE194E367E00A0C48C /* bubble_min@2x.png in Resources */ = {isa = PBXBuildFile; fileRef = 2939CF82194E367E00A0C48C /* bubble_min@2x.png */; };
		2939CFEF194E367E00A0C48C /* bubble_min_tailless.png in Resources */ = {isa = PBXBuildFile; fileRef = 2939CF83194E367E00A0C48C /* bubble_min_tailless.png */; };
		2939CFF0194E367E00A0C48C /* bubble_min_tailless@2x.png in Resources */ = {isa = PBXBuildFile; fileRef = 2939CF84194E367E00A0C48C /* bubble_min_tailless@2x.png */; };
		2939CFF1194E367E00A0C48C /* bubble_stroked.png in Resources */ = {isa = PBXBuildFile; fileRef = 2939CF85194E367E00A0C48C /* bubble_stroked.png */; };
		2939CFF2194E367E00A0C48C /* bubble_stroked@2x.png in Resources */ = {isa = PBXBuildFile; fileRef = 2939CF86194E367E00A0C48C /* bubble_stroked@2x.png */; };
		2939CFF3194E367E00A0C48C /* bubble_stroked_tailless.png in Resources */ = {isa = PBXBuildFile; fileRef = 2939CF87194E367E00A0C48C /* bubble_stroked_tailless.png */; };
		2939CFF4194E367E00A0C48C /* bubble_stroked_tailless@2x.png in Resources */ = {isa = PBXBuildFile; fileRef = 2939CF88194E367E00A0C48C /* bubble_stroked_tailless@2x.png */; };
		2939CFF5194E367E00A0C48C /* bubble_tailless.png in Resources */ = {isa = PBXBuildFile; fileRef = 2939CF89194E367E00A0C48C /* bubble_tailless.png */; };
		2939CFF6194E367E00A0C48C /* bubble_tailless@2x.png in Resources */ = {isa = PBXBuildFile; fileRef = 2939CF8A194E367E00A0C48C /* bubble_tailless@2x.png */; };
		2939CFF7194E367E00A0C48C /* camera.png in Resources */ = {isa = PBXBuildFile; fileRef = 2939CF8B194E367E00A0C48C /* camera.png */; };
		2939CFF8194E367E00A0C48C /* camera@2x.png in Resources */ = {isa = PBXBuildFile; fileRef = 2939CF8C194E367E00A0C48C /* camera@2x.png */; };
		2939CFF9194E367E00A0C48C /* typing.png in Resources */ = {isa = PBXBuildFile; fileRef = 2939CF8D194E367E00A0C48C /* typing.png */; };
		2939CFFA194E367E00A0C48C /* typing@2x.png in Resources */ = {isa = PBXBuildFile; fileRef = 2939CF8E194E367E00A0C48C /* typing@2x.png */; };
		2939CFFB194E367E00A0C48C /* message_received.aiff in Resources */ = {isa = PBXBuildFile; fileRef = 2939CF90194E367E00A0C48C /* message_received.aiff */; };
		2939CFFC194E367E00A0C48C /* message_sent.aiff in Resources */ = {isa = PBXBuildFile; fileRef = 2939CF91194E367E00A0C48C /* message_sent.aiff */; };
		2939CFFD194E367E00A0C48C /* JSQSystemSoundPlayer+JSQMessages.m in Sources */ = {isa = PBXBuildFile; fileRef = 2939CF94194E367E00A0C48C /* JSQSystemSoundPlayer+JSQMessages.m */; };
		2939CFFE194E367E00A0C48C /* NSString+JSQMessages.m in Sources */ = {isa = PBXBuildFile; fileRef = 2939CF96194E367E00A0C48C /* NSString+JSQMessages.m */; };
		2939CFFF194E367E00A0C48C /* UIColor+JSQMessages.m in Sources */ = {isa = PBXBuildFile; fileRef = 2939CF98194E367E00A0C48C /* UIColor+JSQMessages.m */; };
		2939D000194E367E00A0C48C /* UIImage+JSQMessages.m in Sources */ = {isa = PBXBuildFile; fileRef = 2939CF9A194E367E00A0C48C /* UIImage+JSQMessages.m */; };
		2939D001194E367E00A0C48C /* UIView+JSQMessages.m in Sources */ = {isa = PBXBuildFile; fileRef = 2939CF9C194E367E00A0C48C /* UIView+JSQMessages.m */; };
		2939D002194E367E00A0C48C /* JSQMessagesKeyboardController.m in Sources */ = {isa = PBXBuildFile; fileRef = 2939CF9F194E367E00A0C48C /* JSQMessagesKeyboardController.m */; };
		2939D003194E367E00A0C48C /* JSQMessagesViewController.m in Sources */ = {isa = PBXBuildFile; fileRef = 2939CFA1194E367E00A0C48C /* JSQMessagesViewController.m */; };
		2939D004194E367E00A0C48C /* JSQMessagesViewController.xib in Resources */ = {isa = PBXBuildFile; fileRef = 2939CFA2194E367E00A0C48C /* JSQMessagesViewController.xib */; };
		2939D005194E367E00A0C48C /* JSQMessagesAvatarFactory.m in Sources */ = {isa = PBXBuildFile; fileRef = 2939CFA5194E367E00A0C48C /* JSQMessagesAvatarFactory.m */; };
		2939D006194E367E00A0C48C /* JSQMessagesBubbleImageFactory.m in Sources */ = {isa = PBXBuildFile; fileRef = 2939CFA7194E367E00A0C48C /* JSQMessagesBubbleImageFactory.m */; };
		2939D007194E367E00A0C48C /* JSQMessagesTimestampFormatter.m in Sources */ = {isa = PBXBuildFile; fileRef = 2939CFA9194E367E00A0C48C /* JSQMessagesTimestampFormatter.m */; };
		2939D008194E367E00A0C48C /* JSQMessagesToolbarButtonFactory.m in Sources */ = {isa = PBXBuildFile; fileRef = 2939CFAB194E367E00A0C48C /* JSQMessagesToolbarButtonFactory.m */; };
		2939D009194E367E00A0C48C /* JSQMessagesCollectionViewFlowLayout.m in Sources */ = {isa = PBXBuildFile; fileRef = 2939CFAF194E367E00A0C48C /* JSQMessagesCollectionViewFlowLayout.m */; };
		2939D00A194E367E00A0C48C /* JSQMessagesCollectionViewFlowLayoutInvalidationContext.m in Sources */ = {isa = PBXBuildFile; fileRef = 2939CFB1194E367E00A0C48C /* JSQMessagesCollectionViewFlowLayoutInvalidationContext.m */; };
		2939D00B194E367E00A0C48C /* JSQMessagesCollectionViewLayoutAttributes.m in Sources */ = {isa = PBXBuildFile; fileRef = 2939CFB3194E367E00A0C48C /* JSQMessagesCollectionViewLayoutAttributes.m */; };
		2939D00C194E367E00A0C48C /* JSQMessage.m in Sources */ = {isa = PBXBuildFile; fileRef = 2939CFB6194E367E00A0C48C /* JSQMessage.m */; };
		2939D00D194E367E00A0C48C /* JSQMessagesCollectionView.m in Sources */ = {isa = PBXBuildFile; fileRef = 2939CFBA194E367E00A0C48C /* JSQMessagesCollectionView.m */; };
		2939D00E194E367E00A0C48C /* JSQMessagesCollectionViewCell.m in Sources */ = {isa = PBXBuildFile; fileRef = 2939CFBC194E367E00A0C48C /* JSQMessagesCollectionViewCell.m */; };
		2939D00F194E367E00A0C48C /* JSQMessagesCollectionViewCellIncoming.m in Sources */ = {isa = PBXBuildFile; fileRef = 2939CFBE194E367E00A0C48C /* JSQMessagesCollectionViewCellIncoming.m */; };
		2939D010194E367E00A0C48C /* JSQMessagesCollectionViewCellIncoming.xib in Resources */ = {isa = PBXBuildFile; fileRef = 2939CFBF194E367E00A0C48C /* JSQMessagesCollectionViewCellIncoming.xib */; };
		2939D011194E367E00A0C48C /* JSQMessagesCollectionViewCellOutgoing.m in Sources */ = {isa = PBXBuildFile; fileRef = 2939CFC1194E367E00A0C48C /* JSQMessagesCollectionViewCellOutgoing.m */; };
		2939D012194E367E00A0C48C /* JSQMessagesCollectionViewCellOutgoing.xib in Resources */ = {isa = PBXBuildFile; fileRef = 2939CFC2194E367E00A0C48C /* JSQMessagesCollectionViewCellOutgoing.xib */; };
		2939D013194E367E00A0C48C /* JSQMessagesComposerTextView.m in Sources */ = {isa = PBXBuildFile; fileRef = 2939CFC4194E367E00A0C48C /* JSQMessagesComposerTextView.m */; };
		2939D014194E367E00A0C48C /* JSQMessagesInputToolbar.m in Sources */ = {isa = PBXBuildFile; fileRef = 2939CFC6194E367E00A0C48C /* JSQMessagesInputToolbar.m */; };
		2939D015194E367E00A0C48C /* JSQMessagesLabel.m in Sources */ = {isa = PBXBuildFile; fileRef = 2939CFC8194E367E00A0C48C /* JSQMessagesLabel.m */; };
		2939D016194E367E00A0C48C /* JSQMessagesLoadEarlierHeaderView.m in Sources */ = {isa = PBXBuildFile; fileRef = 2939CFCA194E367E00A0C48C /* JSQMessagesLoadEarlierHeaderView.m */; };
		2939D017194E367E00A0C48C /* JSQMessagesLoadEarlierHeaderView.xib in Resources */ = {isa = PBXBuildFile; fileRef = 2939CFCB194E367E00A0C48C /* JSQMessagesLoadEarlierHeaderView.xib */; };
		2939D018194E367E00A0C48C /* JSQMessagesToolbarContentView.m in Sources */ = {isa = PBXBuildFile; fileRef = 2939CFCD194E367E00A0C48C /* JSQMessagesToolbarContentView.m */; };
		2939D019194E367E00A0C48C /* JSQMessagesToolbarContentView.xib in Resources */ = {isa = PBXBuildFile; fileRef = 2939CFCE194E367E00A0C48C /* JSQMessagesToolbarContentView.xib */; };
		2939D01A194E367E00A0C48C /* JSQMessagesTypingIndicatorFooterView.m in Sources */ = {isa = PBXBuildFile; fileRef = 2939CFD0194E367E00A0C48C /* JSQMessagesTypingIndicatorFooterView.m */; };
		2939D01B194E367E00A0C48C /* JSQMessagesTypingIndicatorFooterView.xib in Resources */ = {isa = PBXBuildFile; fileRef = 2939CFD1194E367E00A0C48C /* JSQMessagesTypingIndicatorFooterView.xib */; };
		2939D01C194E367E00A0C48C /* JSQSystemSoundPlayer.m in Sources */ = {isa = PBXBuildFile; fileRef = 2939CFD5194E367E00A0C48C /* JSQSystemSoundPlayer.m */; };
		2939D01D194E367E00A0C48C /* ProgressHUD.bundle in Resources */ = {isa = PBXBuildFile; fileRef = 2939CFD7194E367E00A0C48C /* ProgressHUD.bundle */; };
		2939D01E194E367E00A0C48C /* ProgressHUD.m in Sources */ = {isa = PBXBuildFile; fileRef = 2939CFD9194E367E00A0C48C /* ProgressHUD.m */; };
		2939D022194E368300A0C48C /* background.png in Resources */ = {isa = PBXBuildFile; fileRef = 2939D020194E368300A0C48C /* background.png */; };
		2939D023194E368300A0C48C /* logo.png in Resources */ = {isa = PBXBuildFile; fileRef = 2939D021194E368300A0C48C /* logo.png */; };
		2939D030194E368900A0C48C /* ChatView.m in Sources */ = {isa = PBXBuildFile; fileRef = 2939D026194E368900A0C48C /* ChatView.m */; };
		2939D032194E368900A0C48C /* LoginView.m in Sources */ = {isa = PBXBuildFile; fileRef = 2939D02A194E368900A0C48C /* LoginView.m */; };
		2939D033194E368900A0C48C /* LoginView.xib in Resources */ = {isa = PBXBuildFile; fileRef = 2939D02B194E368900A0C48C /* LoginView.xib */; };
		2939D034194E368900A0C48C /* MenuView.m in Sources */ = {isa = PBXBuildFile; fileRef = 2939D02D194E368900A0C48C /* MenuView.m */; };
		2939D035194E368900A0C48C /* utilities.m in Sources */ = {isa = PBXBuildFile; fileRef = 2939D02F194E368900A0C48C /* utilities.m */; };
		2939D037194E3BC900A0C48C /* blank_avatar@2x.png in Resources */ = {isa = PBXBuildFile; fileRef = 2939D036194E3BC900A0C48C /* blank_avatar@2x.png */; };
		295F8FCA17E4B83300C4EDB8 /* SystemConfiguration.framework in Frameworks */ = {isa = PBXBuildFile; fileRef = 295F8FC917E4B83300C4EDB8 /* SystemConfiguration.framework */; };
		296B8A07193676BA0099E8E1 /* Firebase.framework in Frameworks */ = {isa = PBXBuildFile; fileRef = 296B8A06193676BA0099E8E1 /* Firebase.framework */; };
		296B8A09193676C20099E8E1 /* FirebaseSimpleLogin.framework in Frameworks */ = {isa = PBXBuildFile; fileRef = 296B8A08193676C20099E8E1 /* FirebaseSimpleLogin.framework */; };
		299F13CD17F4CB89006AD9F4 /* libicucore.dylib in Frameworks */ = {isa = PBXBuildFile; fileRef = 299F13CC17F4CB89006AD9F4 /* libicucore.dylib */; };
		29AAAC5917E4B2CC00D2AB10 /* Foundation.framework in Frameworks */ = {isa = PBXBuildFile; fileRef = 29AAAC5817E4B2CC00D2AB10 /* Foundation.framework */; };
		29AAAC5B17E4B2CC00D2AB10 /* CoreGraphics.framework in Frameworks */ = {isa = PBXBuildFile; fileRef = 29AAAC5A17E4B2CC00D2AB10 /* CoreGraphics.framework */; };
		29AAAC5D17E4B2CC00D2AB10 /* UIKit.framework in Frameworks */ = {isa = PBXBuildFile; fileRef = 29AAAC5C17E4B2CC00D2AB10 /* UIKit.framework */; };
		29AAAC6317E4B2CC00D2AB10 /* InfoPlist.strings in Resources */ = {isa = PBXBuildFile; fileRef = 29AAAC6117E4B2CC00D2AB10 /* InfoPlist.strings */; };
		29AAAC6517E4B2CC00D2AB10 /* main.m in Sources */ = {isa = PBXBuildFile; fileRef = 29AAAC6417E4B2CC00D2AB10 /* main.m */; };
		29AAAC6917E4B2CC00D2AB10 /* AppDelegate.m in Sources */ = {isa = PBXBuildFile; fileRef = 29AAAC6817E4B2CC00D2AB10 /* AppDelegate.m */; };
		29AAAC6B17E4B2CC00D2AB10 /* Images.xcassets in Resources */ = {isa = PBXBuildFile; fileRef = 29AAAC6A17E4B2CC00D2AB10 /* Images.xcassets */; };
		29BFE3F418832BF000A9B14F /* Accounts.framework in Frameworks */ = {isa = PBXBuildFile; fileRef = 29BFE3F318832BF000A9B14F /* Accounts.framework */; };
		29BFE3F618832BF700A9B14F /* Social.framework in Frameworks */ = {isa = PBXBuildFile; fileRef = 29BFE3F518832BF700A9B14F /* Social.framework */; };
		29BFE3F818832C2800A9B14F /* libc++.dylib in Frameworks */ = {isa = PBXBuildFile; fileRef = 29BFE3F718832C2800A9B14F /* libc++.dylib */; };
/* End PBXBuildFile section */

/* Begin PBXFileReference section */
		2939CF57194E367E00A0C48C /* AFHTTPRequestOperation.h */ = {isa = PBXFileReference; fileEncoding = 4; lastKnownFileType = sourcecode.c.h; path = AFHTTPRequestOperation.h; sourceTree = "<group>"; };
		2939CF58194E367E00A0C48C /* AFHTTPRequestOperation.m */ = {isa = PBXFileReference; fileEncoding = 4; lastKnownFileType = sourcecode.c.objc; path = AFHTTPRequestOperation.m; sourceTree = "<group>"; };
		2939CF59194E367E00A0C48C /* AFHTTPRequestOperationManager.h */ = {isa = PBXFileReference; fileEncoding = 4; lastKnownFileType = sourcecode.c.h; path = AFHTTPRequestOperationManager.h; sourceTree = "<group>"; };
		2939CF5A194E367E00A0C48C /* AFHTTPRequestOperationManager.m */ = {isa = PBXFileReference; fileEncoding = 4; lastKnownFileType = sourcecode.c.objc; path = AFHTTPRequestOperationManager.m; sourceTree = "<group>"; };
		2939CF5B194E367E00A0C48C /* AFHTTPSessionManager.h */ = {isa = PBXFileReference; fileEncoding = 4; lastKnownFileType = sourcecode.c.h; path = AFHTTPSessionManager.h; sourceTree = "<group>"; };
		2939CF5C194E367E00A0C48C /* AFHTTPSessionManager.m */ = {isa = PBXFileReference; fileEncoding = 4; lastKnownFileType = sourcecode.c.objc; path = AFHTTPSessionManager.m; sourceTree = "<group>"; };
		2939CF5D194E367E00A0C48C /* AFNetworking.h */ = {isa = PBXFileReference; fileEncoding = 4; lastKnownFileType = sourcecode.c.h; path = AFNetworking.h; sourceTree = "<group>"; };
		2939CF5E194E367E00A0C48C /* AFNetworkReachabilityManager.h */ = {isa = PBXFileReference; fileEncoding = 4; lastKnownFileType = sourcecode.c.h; path = AFNetworkReachabilityManager.h; sourceTree = "<group>"; };
		2939CF5F194E367E00A0C48C /* AFNetworkReachabilityManager.m */ = {isa = PBXFileReference; fileEncoding = 4; lastKnownFileType = sourcecode.c.objc; path = AFNetworkReachabilityManager.m; sourceTree = "<group>"; };
		2939CF60194E367E00A0C48C /* AFSecurityPolicy.h */ = {isa = PBXFileReference; fileEncoding = 4; lastKnownFileType = sourcecode.c.h; path = AFSecurityPolicy.h; sourceTree = "<group>"; };
		2939CF61194E367E00A0C48C /* AFSecurityPolicy.m */ = {isa = PBXFileReference; fileEncoding = 4; lastKnownFileType = sourcecode.c.objc; path = AFSecurityPolicy.m; sourceTree = "<group>"; };
		2939CF62194E367E00A0C48C /* AFURLConnectionOperation.h */ = {isa = PBXFileReference; fileEncoding = 4; lastKnownFileType = sourcecode.c.h; path = AFURLConnectionOperation.h; sourceTree = "<group>"; };
		2939CF63194E367E00A0C48C /* AFURLConnectionOperation.m */ = {isa = PBXFileReference; fileEncoding = 4; lastKnownFileType = sourcecode.c.objc; path = AFURLConnectionOperation.m; sourceTree = "<group>"; };
		2939CF64194E367E00A0C48C /* AFURLRequestSerialization.h */ = {isa = PBXFileReference; fileEncoding = 4; lastKnownFileType = sourcecode.c.h; path = AFURLRequestSerialization.h; sourceTree = "<group>"; };
		2939CF65194E367E00A0C48C /* AFURLRequestSerialization.m */ = {isa = PBXFileReference; fileEncoding = 4; lastKnownFileType = sourcecode.c.objc; path = AFURLRequestSerialization.m; sourceTree = "<group>"; };
		2939CF66194E367E00A0C48C /* AFURLResponseSerialization.h */ = {isa = PBXFileReference; fileEncoding = 4; lastKnownFileType = sourcecode.c.h; path = AFURLResponseSerialization.h; sourceTree = "<group>"; };
		2939CF67194E367E00A0C48C /* AFURLResponseSerialization.m */ = {isa = PBXFileReference; fileEncoding = 4; lastKnownFileType = sourcecode.c.objc; path = AFURLResponseSerialization.m; sourceTree = "<group>"; };
		2939CF68194E367E00A0C48C /* AFURLSessionManager.h */ = {isa = PBXFileReference; fileEncoding = 4; lastKnownFileType = sourcecode.c.h; path = AFURLSessionManager.h; sourceTree = "<group>"; };
		2939CF69194E367E00A0C48C /* AFURLSessionManager.m */ = {isa = PBXFileReference; fileEncoding = 4; lastKnownFileType = sourcecode.c.objc; path = AFURLSessionManager.m; sourceTree = "<group>"; };
		2939CF6B194E367E00A0C48C /* AFNetworkActivityIndicatorManager.h */ = {isa = PBXFileReference; fileEncoding = 4; lastKnownFileType = sourcecode.c.h; path = AFNetworkActivityIndicatorManager.h; sourceTree = "<group>"; };
		2939CF6C194E367E00A0C48C /* AFNetworkActivityIndicatorManager.m */ = {isa = PBXFileReference; fileEncoding = 4; lastKnownFileType = sourcecode.c.objc; path = AFNetworkActivityIndicatorManager.m; sourceTree = "<group>"; };
		2939CF6D194E367E00A0C48C /* UIActivityIndicatorView+AFNetworking.h */ = {isa = PBXFileReference; fileEncoding = 4; lastKnownFileType = sourcecode.c.h; path = "UIActivityIndicatorView+AFNetworking.h"; sourceTree = "<group>"; };
		2939CF6E194E367E00A0C48C /* UIActivityIndicatorView+AFNetworking.m */ = {isa = PBXFileReference; fileEncoding = 4; lastKnownFileType = sourcecode.c.objc; path = "UIActivityIndicatorView+AFNetworking.m"; sourceTree = "<group>"; };
		2939CF6F194E367E00A0C48C /* UIAlertView+AFNetworking.h */ = {isa = PBXFileReference; fileEncoding = 4; lastKnownFileType = sourcecode.c.h; path = "UIAlertView+AFNetworking.h"; sourceTree = "<group>"; };
		2939CF70194E367E00A0C48C /* UIAlertView+AFNetworking.m */ = {isa = PBXFileReference; fileEncoding = 4; lastKnownFileType = sourcecode.c.objc; path = "UIAlertView+AFNetworking.m"; sourceTree = "<group>"; };
		2939CF71194E367E00A0C48C /* UIButton+AFNetworking.h */ = {isa = PBXFileReference; fileEncoding = 4; lastKnownFileType = sourcecode.c.h; path = "UIButton+AFNetworking.h"; sourceTree = "<group>"; };
		2939CF72194E367E00A0C48C /* UIButton+AFNetworking.m */ = {isa = PBXFileReference; fileEncoding = 4; lastKnownFileType = sourcecode.c.objc; path = "UIButton+AFNetworking.m"; sourceTree = "<group>"; };
		2939CF73194E367E00A0C48C /* UIImageView+AFNetworking.h */ = {isa = PBXFileReference; fileEncoding = 4; lastKnownFileType = sourcecode.c.h; path = "UIImageView+AFNetworking.h"; sourceTree = "<group>"; };
		2939CF74194E367E00A0C48C /* UIImageView+AFNetworking.m */ = {isa = PBXFileReference; fileEncoding = 4; lastKnownFileType = sourcecode.c.objc; path = "UIImageView+AFNetworking.m"; sourceTree = "<group>"; };
		2939CF75194E367E00A0C48C /* UIKit+AFNetworking.h */ = {isa = PBXFileReference; fileEncoding = 4; lastKnownFileType = sourcecode.c.h; path = "UIKit+AFNetworking.h"; sourceTree = "<group>"; };
		2939CF76194E367E00A0C48C /* UIProgressView+AFNetworking.h */ = {isa = PBXFileReference; fileEncoding = 4; lastKnownFileType = sourcecode.c.h; path = "UIProgressView+AFNetworking.h"; sourceTree = "<group>"; };
		2939CF77194E367E00A0C48C /* UIProgressView+AFNetworking.m */ = {isa = PBXFileReference; fileEncoding = 4; lastKnownFileType = sourcecode.c.objc; path = "UIProgressView+AFNetworking.m"; sourceTree = "<group>"; };
		2939CF78194E367E00A0C48C /* UIRefreshControl+AFNetworking.h */ = {isa = PBXFileReference; fileEncoding = 4; lastKnownFileType = sourcecode.c.h; path = "UIRefreshControl+AFNetworking.h"; sourceTree = "<group>"; };
		2939CF79194E367E00A0C48C /* UIRefreshControl+AFNetworking.m */ = {isa = PBXFileReference; fileEncoding = 4; lastKnownFileType = sourcecode.c.objc; path = "UIRefreshControl+AFNetworking.m"; sourceTree = "<group>"; };
		2939CF7A194E367E00A0C48C /* UIWebView+AFNetworking.h */ = {isa = PBXFileReference; fileEncoding = 4; lastKnownFileType = sourcecode.c.h; path = "UIWebView+AFNetworking.h"; sourceTree = "<group>"; };
		2939CF7B194E367E00A0C48C /* UIWebView+AFNetworking.m */ = {isa = PBXFileReference; fileEncoding = 4; lastKnownFileType = sourcecode.c.objc; path = "UIWebView+AFNetworking.m"; sourceTree = "<group>"; };
		2939CF7F194E367E00A0C48C /* bubble.png */ = {isa = PBXFileReference; lastKnownFileType = image.png; path = bubble.png; sourceTree = "<group>"; };
		2939CF80194E367E00A0C48C /* bubble@2x.png */ = {isa = PBXFileReference; lastKnownFileType = image.png; path = "bubble@2x.png"; sourceTree = "<group>"; };
		2939CF81194E367E00A0C48C /* bubble_min.png */ = {isa = PBXFileReference; lastKnownFileType = image.png; path = bubble_min.png; sourceTree = "<group>"; };
		2939CF82194E367E00A0C48C /* bubble_min@2x.png */ = {isa = PBXFileReference; lastKnownFileType = image.png; path = "bubble_min@2x.png"; sourceTree = "<group>"; };
		2939CF83194E367E00A0C48C /* bubble_min_tailless.png */ = {isa = PBXFileReference; lastKnownFileType = image.png; path = bubble_min_tailless.png; sourceTree = "<group>"; };
		2939CF84194E367E00A0C48C /* bubble_min_tailless@2x.png */ = {isa = PBXFileReference; lastKnownFileType = image.png; path = "bubble_min_tailless@2x.png"; sourceTree = "<group>"; };
		2939CF85194E367E00A0C48C /* bubble_stroked.png */ = {isa = PBXFileReference; lastKnownFileType = image.png; path = bubble_stroked.png; sourceTree = "<group>"; };
		2939CF86194E367E00A0C48C /* bubble_stroked@2x.png */ = {isa = PBXFileReference; lastKnownFileType = image.png; path = "bubble_stroked@2x.png"; sourceTree = "<group>"; };
		2939CF87194E367E00A0C48C /* bubble_stroked_tailless.png */ = {isa = PBXFileReference; lastKnownFileType = image.png; path = bubble_stroked_tailless.png; sourceTree = "<group>"; };
		2939CF88194E367E00A0C48C /* bubble_stroked_tailless@2x.png */ = {isa = PBXFileReference; lastKnownFileType = image.png; path = "bubble_stroked_tailless@2x.png"; sourceTree = "<group>"; };
		2939CF89194E367E00A0C48C /* bubble_tailless.png */ = {isa = PBXFileReference; lastKnownFileType = image.png; path = bubble_tailless.png; sourceTree = "<group>"; };
		2939CF8A194E367E00A0C48C /* bubble_tailless@2x.png */ = {isa = PBXFileReference; lastKnownFileType = image.png; path = "bubble_tailless@2x.png"; sourceTree = "<group>"; };
		2939CF8B194E367E00A0C48C /* camera.png */ = {isa = PBXFileReference; lastKnownFileType = image.png; path = camera.png; sourceTree = "<group>"; };
		2939CF8C194E367E00A0C48C /* camera@2x.png */ = {isa = PBXFileReference; lastKnownFileType = image.png; path = "camera@2x.png"; sourceTree = "<group>"; };
		2939CF8D194E367E00A0C48C /* typing.png */ = {isa = PBXFileReference; lastKnownFileType = image.png; path = typing.png; sourceTree = "<group>"; };
		2939CF8E194E367E00A0C48C /* typing@2x.png */ = {isa = PBXFileReference; lastKnownFileType = image.png; path = "typing@2x.png"; sourceTree = "<group>"; };
		2939CF90194E367E00A0C48C /* message_received.aiff */ = {isa = PBXFileReference; lastKnownFileType = audio.aiff; path = message_received.aiff; sourceTree = "<group>"; };
		2939CF91194E367E00A0C48C /* message_sent.aiff */ = {isa = PBXFileReference; lastKnownFileType = audio.aiff; path = message_sent.aiff; sourceTree = "<group>"; };
		2939CF93194E367E00A0C48C /* JSQSystemSoundPlayer+JSQMessages.h */ = {isa = PBXFileReference; fileEncoding = 4; lastKnownFileType = sourcecode.c.h; path = "JSQSystemSoundPlayer+JSQMessages.h"; sourceTree = "<group>"; };
		2939CF94194E367E00A0C48C /* JSQSystemSoundPlayer+JSQMessages.m */ = {isa = PBXFileReference; fileEncoding = 4; lastKnownFileType = sourcecode.c.objc; path = "JSQSystemSoundPlayer+JSQMessages.m"; sourceTree = "<group>"; };
		2939CF95194E367E00A0C48C /* NSString+JSQMessages.h */ = {isa = PBXFileReference; fileEncoding = 4; lastKnownFileType = sourcecode.c.h; path = "NSString+JSQMessages.h"; sourceTree = "<group>"; };
		2939CF96194E367E00A0C48C /* NSString+JSQMessages.m */ = {isa = PBXFileReference; fileEncoding = 4; lastKnownFileType = sourcecode.c.objc; path = "NSString+JSQMessages.m"; sourceTree = "<group>"; };
		2939CF97194E367E00A0C48C /* UIColor+JSQMessages.h */ = {isa = PBXFileReference; fileEncoding = 4; lastKnownFileType = sourcecode.c.h; path = "UIColor+JSQMessages.h"; sourceTree = "<group>"; };
		2939CF98194E367E00A0C48C /* UIColor+JSQMessages.m */ = {isa = PBXFileReference; fileEncoding = 4; lastKnownFileType = sourcecode.c.objc; path = "UIColor+JSQMessages.m"; sourceTree = "<group>"; };
		2939CF99194E367E00A0C48C /* UIImage+JSQMessages.h */ = {isa = PBXFileReference; fileEncoding = 4; lastKnownFileType = sourcecode.c.h; path = "UIImage+JSQMessages.h"; sourceTree = "<group>"; };
		2939CF9A194E367E00A0C48C /* UIImage+JSQMessages.m */ = {isa = PBXFileReference; fileEncoding = 4; lastKnownFileType = sourcecode.c.objc; path = "UIImage+JSQMessages.m"; sourceTree = "<group>"; };
		2939CF9B194E367E00A0C48C /* UIView+JSQMessages.h */ = {isa = PBXFileReference; fileEncoding = 4; lastKnownFileType = sourcecode.c.h; path = "UIView+JSQMessages.h"; sourceTree = "<group>"; };
		2939CF9C194E367E00A0C48C /* UIView+JSQMessages.m */ = {isa = PBXFileReference; fileEncoding = 4; lastKnownFileType = sourcecode.c.objc; path = "UIView+JSQMessages.m"; sourceTree = "<group>"; };
		2939CF9E194E367E00A0C48C /* JSQMessagesKeyboardController.h */ = {isa = PBXFileReference; fileEncoding = 4; lastKnownFileType = sourcecode.c.h; path = JSQMessagesKeyboardController.h; sourceTree = "<group>"; };
		2939CF9F194E367E00A0C48C /* JSQMessagesKeyboardController.m */ = {isa = PBXFileReference; fileEncoding = 4; lastKnownFileType = sourcecode.c.objc; path = JSQMessagesKeyboardController.m; sourceTree = "<group>"; };
		2939CFA0194E367E00A0C48C /* JSQMessagesViewController.h */ = {isa = PBXFileReference; fileEncoding = 4; lastKnownFileType = sourcecode.c.h; path = JSQMessagesViewController.h; sourceTree = "<group>"; };
		2939CFA1194E367E00A0C48C /* JSQMessagesViewController.m */ = {isa = PBXFileReference; fileEncoding = 4; lastKnownFileType = sourcecode.c.objc; path = JSQMessagesViewController.m; sourceTree = "<group>"; };
		2939CFA2194E367E00A0C48C /* JSQMessagesViewController.xib */ = {isa = PBXFileReference; fileEncoding = 4; lastKnownFileType = file.xib; path = JSQMessagesViewController.xib; sourceTree = "<group>"; };
		2939CFA4194E367E00A0C48C /* JSQMessagesAvatarFactory.h */ = {isa = PBXFileReference; fileEncoding = 4; lastKnownFileType = sourcecode.c.h; path = JSQMessagesAvatarFactory.h; sourceTree = "<group>"; };
		2939CFA5194E367E00A0C48C /* JSQMessagesAvatarFactory.m */ = {isa = PBXFileReference; fileEncoding = 4; lastKnownFileType = sourcecode.c.objc; path = JSQMessagesAvatarFactory.m; sourceTree = "<group>"; };
		2939CFA6194E367E00A0C48C /* JSQMessagesBubbleImageFactory.h */ = {isa = PBXFileReference; fileEncoding = 4; lastKnownFileType = sourcecode.c.h; path = JSQMessagesBubbleImageFactory.h; sourceTree = "<group>"; };
		2939CFA7194E367E00A0C48C /* JSQMessagesBubbleImageFactory.m */ = {isa = PBXFileReference; fileEncoding = 4; lastKnownFileType = sourcecode.c.objc; path = JSQMessagesBubbleImageFactory.m; sourceTree = "<group>"; };
		2939CFA8194E367E00A0C48C /* JSQMessagesTimestampFormatter.h */ = {isa = PBXFileReference; fileEncoding = 4; lastKnownFileType = sourcecode.c.h; path = JSQMessagesTimestampFormatter.h; sourceTree = "<group>"; };
		2939CFA9194E367E00A0C48C /* JSQMessagesTimestampFormatter.m */ = {isa = PBXFileReference; fileEncoding = 4; lastKnownFileType = sourcecode.c.objc; path = JSQMessagesTimestampFormatter.m; sourceTree = "<group>"; };
		2939CFAA194E367E00A0C48C /* JSQMessagesToolbarButtonFactory.h */ = {isa = PBXFileReference; fileEncoding = 4; lastKnownFileType = sourcecode.c.h; path = JSQMessagesToolbarButtonFactory.h; sourceTree = "<group>"; };
		2939CFAB194E367E00A0C48C /* JSQMessagesToolbarButtonFactory.m */ = {isa = PBXFileReference; fileEncoding = 4; lastKnownFileType = sourcecode.c.objc; path = JSQMessagesToolbarButtonFactory.m; sourceTree = "<group>"; };
		2939CFAC194E367E00A0C48C /* JSQMessages.h */ = {isa = PBXFileReference; fileEncoding = 4; lastKnownFileType = sourcecode.c.h; path = JSQMessages.h; sourceTree = "<group>"; };
		2939CFAE194E367E00A0C48C /* JSQMessagesCollectionViewFlowLayout.h */ = {isa = PBXFileReference; fileEncoding = 4; lastKnownFileType = sourcecode.c.h; path = JSQMessagesCollectionViewFlowLayout.h; sourceTree = "<group>"; };
		2939CFAF194E367E00A0C48C /* JSQMessagesCollectionViewFlowLayout.m */ = {isa = PBXFileReference; fileEncoding = 4; lastKnownFileType = sourcecode.c.objc; path = JSQMessagesCollectionViewFlowLayout.m; sourceTree = "<group>"; };
		2939CFB0194E367E00A0C48C /* JSQMessagesCollectionViewFlowLayoutInvalidationContext.h */ = {isa = PBXFileReference; fileEncoding = 4; lastKnownFileType = sourcecode.c.h; path = JSQMessagesCollectionViewFlowLayoutInvalidationContext.h; sourceTree = "<group>"; };
		2939CFB1194E367E00A0C48C /* JSQMessagesCollectionViewFlowLayoutInvalidationContext.m */ = {isa = PBXFileReference; fileEncoding = 4; lastKnownFileType = sourcecode.c.objc; path = JSQMessagesCollectionViewFlowLayoutInvalidationContext.m; sourceTree = "<group>"; };
		2939CFB2194E367E00A0C48C /* JSQMessagesCollectionViewLayoutAttributes.h */ = {isa = PBXFileReference; fileEncoding = 4; lastKnownFileType = sourcecode.c.h; path = JSQMessagesCollectionViewLayoutAttributes.h; sourceTree = "<group>"; };
		2939CFB3194E367E00A0C48C /* JSQMessagesCollectionViewLayoutAttributes.m */ = {isa = PBXFileReference; fileEncoding = 4; lastKnownFileType = sourcecode.c.objc; path = JSQMessagesCollectionViewLayoutAttributes.m; sourceTree = "<group>"; };
		2939CFB5194E367E00A0C48C /* JSQMessage.h */ = {isa = PBXFileReference; fileEncoding = 4; lastKnownFileType = sourcecode.c.h; path = JSQMessage.h; sourceTree = "<group>"; };
		2939CFB6194E367E00A0C48C /* JSQMessage.m */ = {isa = PBXFileReference; fileEncoding = 4; lastKnownFileType = sourcecode.c.objc; path = JSQMessage.m; sourceTree = "<group>"; };
		2939CFB7194E367E00A0C48C /* JSQMessageData.h */ = {isa = PBXFileReference; fileEncoding = 4; lastKnownFileType = sourcecode.c.h; path = JSQMessageData.h; sourceTree = "<group>"; };
		2939CFB9194E367E00A0C48C /* JSQMessagesCollectionView.h */ = {isa = PBXFileReference; fileEncoding = 4; lastKnownFileType = sourcecode.c.h; path = JSQMessagesCollectionView.h; sourceTree = "<group>"; };
		2939CFBA194E367E00A0C48C /* JSQMessagesCollectionView.m */ = {isa = PBXFileReference; fileEncoding = 4; lastKnownFileType = sourcecode.c.objc; path = JSQMessagesCollectionView.m; sourceTree = "<group>"; };
		2939CFBB194E367E00A0C48C /* JSQMessagesCollectionViewCell.h */ = {isa = PBXFileReference; fileEncoding = 4; lastKnownFileType = sourcecode.c.h; path = JSQMessagesCollectionViewCell.h; sourceTree = "<group>"; };
		2939CFBC194E367E00A0C48C /* JSQMessagesCollectionViewCell.m */ = {isa = PBXFileReference; fileEncoding = 4; lastKnownFileType = sourcecode.c.objc; path = JSQMessagesCollectionViewCell.m; sourceTree = "<group>"; };
		2939CFBD194E367E00A0C48C /* JSQMessagesCollectionViewCellIncoming.h */ = {isa = PBXFileReference; fileEncoding = 4; lastKnownFileType = sourcecode.c.h; path = JSQMessagesCollectionViewCellIncoming.h; sourceTree = "<group>"; };
		2939CFBE194E367E00A0C48C /* JSQMessagesCollectionViewCellIncoming.m */ = {isa = PBXFileReference; fileEncoding = 4; lastKnownFileType = sourcecode.c.objc; path = JSQMessagesCollectionViewCellIncoming.m; sourceTree = "<group>"; };
		2939CFBF194E367E00A0C48C /* JSQMessagesCollectionViewCellIncoming.xib */ = {isa = PBXFileReference; fileEncoding = 4; lastKnownFileType = file.xib; path = JSQMessagesCollectionViewCellIncoming.xib; sourceTree = "<group>"; };
		2939CFC0194E367E00A0C48C /* JSQMessagesCollectionViewCellOutgoing.h */ = {isa = PBXFileReference; fileEncoding = 4; lastKnownFileType = sourcecode.c.h; path = JSQMessagesCollectionViewCellOutgoing.h; sourceTree = "<group>"; };
		2939CFC1194E367E00A0C48C /* JSQMessagesCollectionViewCellOutgoing.m */ = {isa = PBXFileReference; fileEncoding = 4; lastKnownFileType = sourcecode.c.objc; path = JSQMessagesCollectionViewCellOutgoing.m; sourceTree = "<group>"; };
		2939CFC2194E367E00A0C48C /* JSQMessagesCollectionViewCellOutgoing.xib */ = {isa = PBXFileReference; fileEncoding = 4; lastKnownFileType = file.xib; path = JSQMessagesCollectionViewCellOutgoing.xib; sourceTree = "<group>"; };
		2939CFC3194E367E00A0C48C /* JSQMessagesComposerTextView.h */ = {isa = PBXFileReference; fileEncoding = 4; lastKnownFileType = sourcecode.c.h; path = JSQMessagesComposerTextView.h; sourceTree = "<group>"; };
		2939CFC4194E367E00A0C48C /* JSQMessagesComposerTextView.m */ = {isa = PBXFileReference; fileEncoding = 4; lastKnownFileType = sourcecode.c.objc; path = JSQMessagesComposerTextView.m; sourceTree = "<group>"; };
		2939CFC5194E367E00A0C48C /* JSQMessagesInputToolbar.h */ = {isa = PBXFileReference; fileEncoding = 4; lastKnownFileType = sourcecode.c.h; path = JSQMessagesInputToolbar.h; sourceTree = "<group>"; };
		2939CFC6194E367E00A0C48C /* JSQMessagesInputToolbar.m */ = {isa = PBXFileReference; fileEncoding = 4; lastKnownFileType = sourcecode.c.objc; path = JSQMessagesInputToolbar.m; sourceTree = "<group>"; };
		2939CFC7194E367E00A0C48C /* JSQMessagesLabel.h */ = {isa = PBXFileReference; fileEncoding = 4; lastKnownFileType = sourcecode.c.h; path = JSQMessagesLabel.h; sourceTree = "<group>"; };
		2939CFC8194E367E00A0C48C /* JSQMessagesLabel.m */ = {isa = PBXFileReference; fileEncoding = 4; lastKnownFileType = sourcecode.c.objc; path = JSQMessagesLabel.m; sourceTree = "<group>"; };
		2939CFC9194E367E00A0C48C /* JSQMessagesLoadEarlierHeaderView.h */ = {isa = PBXFileReference; fileEncoding = 4; lastKnownFileType = sourcecode.c.h; path = JSQMessagesLoadEarlierHeaderView.h; sourceTree = "<group>"; };
		2939CFCA194E367E00A0C48C /* JSQMessagesLoadEarlierHeaderView.m */ = {isa = PBXFileReference; fileEncoding = 4; lastKnownFileType = sourcecode.c.objc; path = JSQMessagesLoadEarlierHeaderView.m; sourceTree = "<group>"; };
		2939CFCB194E367E00A0C48C /* JSQMessagesLoadEarlierHeaderView.xib */ = {isa = PBXFileReference; fileEncoding = 4; lastKnownFileType = file.xib; path = JSQMessagesLoadEarlierHeaderView.xib; sourceTree = "<group>"; };
		2939CFCC194E367E00A0C48C /* JSQMessagesToolbarContentView.h */ = {isa = PBXFileReference; fileEncoding = 4; lastKnownFileType = sourcecode.c.h; path = JSQMessagesToolbarContentView.h; sourceTree = "<group>"; };
		2939CFCD194E367E00A0C48C /* JSQMessagesToolbarContentView.m */ = {isa = PBXFileReference; fileEncoding = 4; lastKnownFileType = sourcecode.c.objc; path = JSQMessagesToolbarContentView.m; sourceTree = "<group>"; };
		2939CFCE194E367E00A0C48C /* JSQMessagesToolbarContentView.xib */ = {isa = PBXFileReference; fileEncoding = 4; lastKnownFileType = file.xib; path = JSQMessagesToolbarContentView.xib; sourceTree = "<group>"; };
		2939CFCF194E367E00A0C48C /* JSQMessagesTypingIndicatorFooterView.h */ = {isa = PBXFileReference; fileEncoding = 4; lastKnownFileType = sourcecode.c.h; path = JSQMessagesTypingIndicatorFooterView.h; sourceTree = "<group>"; };
		2939CFD0194E367E00A0C48C /* JSQMessagesTypingIndicatorFooterView.m */ = {isa = PBXFileReference; fileEncoding = 4; lastKnownFileType = sourcecode.c.objc; path = JSQMessagesTypingIndicatorFooterView.m; sourceTree = "<group>"; };
		2939CFD1194E367E00A0C48C /* JSQMessagesTypingIndicatorFooterView.xib */ = {isa = PBXFileReference; fileEncoding = 4; lastKnownFileType = file.xib; path = JSQMessagesTypingIndicatorFooterView.xib; sourceTree = "<group>"; };
		2939CFD4194E367E00A0C48C /* JSQSystemSoundPlayer.h */ = {isa = PBXFileReference; fileEncoding = 4; lastKnownFileType = sourcecode.c.h; path = JSQSystemSoundPlayer.h; sourceTree = "<group>"; };
		2939CFD5194E367E00A0C48C /* JSQSystemSoundPlayer.m */ = {isa = PBXFileReference; fileEncoding = 4; lastKnownFileType = sourcecode.c.objc; path = JSQSystemSoundPlayer.m; sourceTree = "<group>"; };
		2939CFD7194E367E00A0C48C /* ProgressHUD.bundle */ = {isa = PBXFileReference; lastKnownFileType = "wrapper.plug-in"; path = ProgressHUD.bundle; sourceTree = "<group>"; };
		2939CFD8194E367E00A0C48C /* ProgressHUD.h */ = {isa = PBXFileReference; fileEncoding = 4; lastKnownFileType = sourcecode.c.h; path = ProgressHUD.h; sourceTree = "<group>"; };
		2939CFD9194E367E00A0C48C /* ProgressHUD.m */ = {isa = PBXFileReference; fileEncoding = 4; lastKnownFileType = sourcecode.c.objc; path = ProgressHUD.m; sourceTree = "<group>"; };
		2939D020194E368300A0C48C /* background.png */ = {isa = PBXFileReference; lastKnownFileType = image.png; path = background.png; sourceTree = "<group>"; };
		2939D021194E368300A0C48C /* logo.png */ = {isa = PBXFileReference; lastKnownFileType = image.png; path = logo.png; sourceTree = "<group>"; };
		2939D025194E368900A0C48C /* ChatView.h */ = {isa = PBXFileReference; fileEncoding = 4; lastKnownFileType = sourcecode.c.h; path = ChatView.h; sourceTree = "<group>"; };
		2939D026194E368900A0C48C /* ChatView.m */ = {isa = PBXFileReference; fileEncoding = 4; lastKnownFileType = sourcecode.c.objc; path = ChatView.m; sourceTree = "<group>"; };
		2939D029194E368900A0C48C /* LoginView.h */ = {isa = PBXFileReference; fileEncoding = 4; lastKnownFileType = sourcecode.c.h; path = LoginView.h; sourceTree = "<group>"; };
		2939D02A194E368900A0C48C /* LoginView.m */ = {isa = PBXFileReference; fileEncoding = 4; lastKnownFileType = sourcecode.c.objc; path = LoginView.m; sourceTree = "<group>"; };
		2939D02B194E368900A0C48C /* LoginView.xib */ = {isa = PBXFileReference; fileEncoding = 4; lastKnownFileType = file.xib; path = LoginView.xib; sourceTree = "<group>"; };
		2939D02C194E368900A0C48C /* MenuView.h */ = {isa = PBXFileReference; fileEncoding = 4; lastKnownFileType = sourcecode.c.h; path = MenuView.h; sourceTree = "<group>"; };
		2939D02D194E368900A0C48C /* MenuView.m */ = {isa = PBXFileReference; fileEncoding = 4; lastKnownFileType = sourcecode.c.objc; path = MenuView.m; sourceTree = "<group>"; };
		2939D02E194E368900A0C48C /* utilities.h */ = {isa = PBXFileReference; fileEncoding = 4; lastKnownFileType = sourcecode.c.h; path = utilities.h; sourceTree = "<group>"; };
		2939D02F194E368900A0C48C /* utilities.m */ = {isa = PBXFileReference; fileEncoding = 4; lastKnownFileType = sourcecode.c.objc; path = utilities.m; sourceTree = "<group>"; };
		2939D036194E3BC900A0C48C /* blank_avatar@2x.png */ = {isa = PBXFileReference; lastKnownFileType = image.png; path = "blank_avatar@2x.png"; sourceTree = "<group>"; };
		295F8FC917E4B83300C4EDB8 /* SystemConfiguration.framework */ = {isa = PBXFileReference; lastKnownFileType = wrapper.framework; name = SystemConfiguration.framework; path = System/Library/Frameworks/SystemConfiguration.framework; sourceTree = SDKROOT; };
		295F8FD917E4B8A700C4EDB8 /* AppConstant.h */ = {isa = PBXFileReference; fileEncoding = 4; lastKnownFileType = sourcecode.c.h; path = AppConstant.h; sourceTree = "<group>"; };
		296B8A06193676BA0099E8E1 /* Firebase.framework */ = {isa = PBXFileReference; lastKnownFileType = wrapper.framework; name = Firebase.framework; path = framework/Firebase.framework; sourceTree = "<group>"; };
		296B8A08193676C20099E8E1 /* FirebaseSimpleLogin.framework */ = {isa = PBXFileReference; lastKnownFileType = wrapper.framework; name = FirebaseSimpleLogin.framework; path = framework/FirebaseSimpleLogin.framework; sourceTree = "<group>"; };
		299F13C817F4CB42006AD9F4 /* CFNetwork.framework */ = {isa = PBXFileReference; lastKnownFileType = wrapper.framework; name = CFNetwork.framework; path = System/Library/Frameworks/CFNetwork.framework; sourceTree = SDKROOT; };
		299F13CA17F4CB77006AD9F4 /* Security.framework */ = {isa = PBXFileReference; lastKnownFileType = wrapper.framework; name = Security.framework; path = System/Library/Frameworks/Security.framework; sourceTree = SDKROOT; };
		299F13CC17F4CB89006AD9F4 /* libicucore.dylib */ = {isa = PBXFileReference; lastKnownFileType = "compiled.mach-o.dylib"; name = libicucore.dylib; path = usr/lib/libicucore.dylib; sourceTree = SDKROOT; };
		29AAAC5517E4B2CC00D2AB10 /* app.app */ = {isa = PBXFileReference; explicitFileType = wrapper.application; includeInIndex = 0; path = app.app; sourceTree = BUILT_PRODUCTS_DIR; };
		29AAAC5817E4B2CC00D2AB10 /* Foundation.framework */ = {isa = PBXFileReference; lastKnownFileType = wrapper.framework; name = Foundation.framework; path = System/Library/Frameworks/Foundation.framework; sourceTree = SDKROOT; };
		29AAAC5A17E4B2CC00D2AB10 /* CoreGraphics.framework */ = {isa = PBXFileReference; lastKnownFileType = wrapper.framework; name = CoreGraphics.framework; path = System/Library/Frameworks/CoreGraphics.framework; sourceTree = SDKROOT; };
		29AAAC5C17E4B2CC00D2AB10 /* UIKit.framework */ = {isa = PBXFileReference; lastKnownFileType = wrapper.framework; name = UIKit.framework; path = System/Library/Frameworks/UIKit.framework; sourceTree = SDKROOT; };
		29AAAC6017E4B2CC00D2AB10 /* app-Info.plist */ = {isa = PBXFileReference; lastKnownFileType = text.plist.xml; path = "app-Info.plist"; sourceTree = "<group>"; };
		29AAAC6217E4B2CC00D2AB10 /* en */ = {isa = PBXFileReference; lastKnownFileType = text.plist.strings; name = en; path = en.lproj/InfoPlist.strings; sourceTree = "<group>"; };
		29AAAC6417E4B2CC00D2AB10 /* main.m */ = {isa = PBXFileReference; lastKnownFileType = sourcecode.c.objc; path = main.m; sourceTree = "<group>"; };
		29AAAC6617E4B2CC00D2AB10 /* app-Prefix.pch */ = {isa = PBXFileReference; lastKnownFileType = sourcecode.c.h; path = "app-Prefix.pch"; sourceTree = "<group>"; };
		29AAAC6717E4B2CC00D2AB10 /* AppDelegate.h */ = {isa = PBXFileReference; lastKnownFileType = sourcecode.c.h; path = AppDelegate.h; sourceTree = "<group>"; };
		29AAAC6817E4B2CC00D2AB10 /* AppDelegate.m */ = {isa = PBXFileReference; lastKnownFileType = sourcecode.c.objc; path = AppDelegate.m; sourceTree = "<group>"; };
		29AAAC6A17E4B2CC00D2AB10 /* Images.xcassets */ = {isa = PBXFileReference; lastKnownFileType = folder.assetcatalog; path = Images.xcassets; sourceTree = "<group>"; };
		29BFE3F318832BF000A9B14F /* Accounts.framework */ = {isa = PBXFileReference; lastKnownFileType = wrapper.framework; name = Accounts.framework; path = System/Library/Frameworks/Accounts.framework; sourceTree = SDKROOT; };
		29BFE3F518832BF700A9B14F /* Social.framework */ = {isa = PBXFileReference; lastKnownFileType = wrapper.framework; name = Social.framework; path = System/Library/Frameworks/Social.framework; sourceTree = SDKROOT; };
		29BFE3F718832C2800A9B14F /* libc++.dylib */ = {isa = PBXFileReference; lastKnownFileType = "compiled.mach-o.dylib"; name = "libc++.dylib"; path = "usr/lib/libc++.dylib"; sourceTree = SDKROOT; };
/* End PBXFileReference section */

/* Begin PBXFrameworksBuildPhase section */
		29AAAC5217E4B2CC00D2AB10 /* Frameworks */ = {
			isa = PBXFrameworksBuildPhase;
			buildActionMask = 2147483647;
			files = (
				29BFE3F818832C2800A9B14F /* libc++.dylib in Frameworks */,
				296B8A09193676C20099E8E1 /* FirebaseSimpleLogin.framework in Frameworks */,
				299F13CD17F4CB89006AD9F4 /* libicucore.dylib in Frameworks */,
				29BFE3F618832BF700A9B14F /* Social.framework in Frameworks */,
				29BFE3F418832BF000A9B14F /* Accounts.framework in Frameworks */,
				296B8A07193676BA0099E8E1 /* Firebase.framework in Frameworks */,
				2914A4671823B9D40079C91F /* Security.framework in Frameworks */,
				2914A4661823B9CA0079C91F /* CFNetwork.framework in Frameworks */,
				295F8FCA17E4B83300C4EDB8 /* SystemConfiguration.framework in Frameworks */,
				29AAAC5B17E4B2CC00D2AB10 /* CoreGraphics.framework in Frameworks */,
				29AAAC5D17E4B2CC00D2AB10 /* UIKit.framework in Frameworks */,
				29AAAC5917E4B2CC00D2AB10 /* Foundation.framework in Frameworks */,
			);
			runOnlyForDeploymentPostprocessing = 0;
		};
/* End PBXFrameworksBuildPhase section */

/* Begin PBXGroup section */
		2939CF54194E367E00A0C48C /* Vendor */ = {
			isa = PBXGroup;
			children = (
				2939CF55194E367E00A0C48C /* AFNetworking */,
				2939CF7C194E367E00A0C48C /* JSQMessagesViewController */,
				2939CFD2194E367E00A0C48C /* JSQSystemSoundPlayer */,
				2939CFD6194E367E00A0C48C /* ProgressHUD */,
			);
			path = Vendor;
			sourceTree = "<group>";
		};
		2939CF55194E367E00A0C48C /* AFNetworking */ = {
			isa = PBXGroup;
			children = (
				2939CF56194E367E00A0C48C /* AFNetworking */,
				2939CF6A194E367E00A0C48C /* UIKit+AFNetworking */,
			);
			path = AFNetworking;
			sourceTree = "<group>";
		};
		2939CF56194E367E00A0C48C /* AFNetworking */ = {
			isa = PBXGroup;
			children = (
				2939CF57194E367E00A0C48C /* AFHTTPRequestOperation.h */,
				2939CF58194E367E00A0C48C /* AFHTTPRequestOperation.m */,
				2939CF59194E367E00A0C48C /* AFHTTPRequestOperationManager.h */,
				2939CF5A194E367E00A0C48C /* AFHTTPRequestOperationManager.m */,
				2939CF5B194E367E00A0C48C /* AFHTTPSessionManager.h */,
				2939CF5C194E367E00A0C48C /* AFHTTPSessionManager.m */,
				2939CF5D194E367E00A0C48C /* AFNetworking.h */,
				2939CF5E194E367E00A0C48C /* AFNetworkReachabilityManager.h */,
				2939CF5F194E367E00A0C48C /* AFNetworkReachabilityManager.m */,
				2939CF60194E367E00A0C48C /* AFSecurityPolicy.h */,
				2939CF61194E367E00A0C48C /* AFSecurityPolicy.m */,
				2939CF62194E367E00A0C48C /* AFURLConnectionOperation.h */,
				2939CF63194E367E00A0C48C /* AFURLConnectionOperation.m */,
				2939CF64194E367E00A0C48C /* AFURLRequestSerialization.h */,
				2939CF65194E367E00A0C48C /* AFURLRequestSerialization.m */,
				2939CF66194E367E00A0C48C /* AFURLResponseSerialization.h */,
				2939CF67194E367E00A0C48C /* AFURLResponseSerialization.m */,
				2939CF68194E367E00A0C48C /* AFURLSessionManager.h */,
				2939CF69194E367E00A0C48C /* AFURLSessionManager.m */,
			);
			path = AFNetworking;
			sourceTree = "<group>";
		};
		2939CF6A194E367E00A0C48C /* UIKit+AFNetworking */ = {
			isa = PBXGroup;
			children = (
				2939CF6B194E367E00A0C48C /* AFNetworkActivityIndicatorManager.h */,
				2939CF6C194E367E00A0C48C /* AFNetworkActivityIndicatorManager.m */,
				2939CF6D194E367E00A0C48C /* UIActivityIndicatorView+AFNetworking.h */,
				2939CF6E194E367E00A0C48C /* UIActivityIndicatorView+AFNetworking.m */,
				2939CF6F194E367E00A0C48C /* UIAlertView+AFNetworking.h */,
				2939CF70194E367E00A0C48C /* UIAlertView+AFNetworking.m */,
				2939CF71194E367E00A0C48C /* UIButton+AFNetworking.h */,
				2939CF72194E367E00A0C48C /* UIButton+AFNetworking.m */,
				2939CF73194E367E00A0C48C /* UIImageView+AFNetworking.h */,
				2939CF74194E367E00A0C48C /* UIImageView+AFNetworking.m */,
				2939CF75194E367E00A0C48C /* UIKit+AFNetworking.h */,
				2939CF76194E367E00A0C48C /* UIProgressView+AFNetworking.h */,
				2939CF77194E367E00A0C48C /* UIProgressView+AFNetworking.m */,
				2939CF78194E367E00A0C48C /* UIRefreshControl+AFNetworking.h */,
				2939CF79194E367E00A0C48C /* UIRefreshControl+AFNetworking.m */,
				2939CF7A194E367E00A0C48C /* UIWebView+AFNetworking.h */,
				2939CF7B194E367E00A0C48C /* UIWebView+AFNetworking.m */,
			);
			path = "UIKit+AFNetworking";
			sourceTree = "<group>";
		};
		2939CF7C194E367E00A0C48C /* JSQMessagesViewController */ = {
			isa = PBXGroup;
			children = (
				2939CF7D194E367E00A0C48C /* Assets */,
				2939CF92194E367E00A0C48C /* Categories */,
				2939CF9D194E367E00A0C48C /* Controllers */,
				2939CFA3194E367E00A0C48C /* Factories */,
				2939CFAC194E367E00A0C48C /* JSQMessages.h */,
				2939CFAD194E367E00A0C48C /* Layout */,
				2939CFB4194E367E00A0C48C /* Model */,
				2939CFB8194E367E00A0C48C /* Views */,
			);
			path = JSQMessagesViewController;
			sourceTree = "<group>";
		};
		2939CF7D194E367E00A0C48C /* Assets */ = {
			isa = PBXGroup;
			children = (
				2939CF7E194E367E00A0C48C /* Images */,
				2939CF8F194E367E00A0C48C /* Sounds */,
			);
			path = Assets;
			sourceTree = "<group>";
		};
		2939CF7E194E367E00A0C48C /* Images */ = {
			isa = PBXGroup;
			children = (
				2939CF7F194E367E00A0C48C /* bubble.png */,
				2939CF80194E367E00A0C48C /* bubble@2x.png */,
				2939CF81194E367E00A0C48C /* bubble_min.png */,
				2939CF82194E367E00A0C48C /* bubble_min@2x.png */,
				2939CF83194E367E00A0C48C /* bubble_min_tailless.png */,
				2939CF84194E367E00A0C48C /* bubble_min_tailless@2x.png */,
				2939CF85194E367E00A0C48C /* bubble_stroked.png */,
				2939CF86194E367E00A0C48C /* bubble_stroked@2x.png */,
				2939CF87194E367E00A0C48C /* bubble_stroked_tailless.png */,
				2939CF88194E367E00A0C48C /* bubble_stroked_tailless@2x.png */,
				2939CF89194E367E00A0C48C /* bubble_tailless.png */,
				2939CF8A194E367E00A0C48C /* bubble_tailless@2x.png */,
				2939CF8B194E367E00A0C48C /* camera.png */,
				2939CF8C194E367E00A0C48C /* camera@2x.png */,
				2939CF8D194E367E00A0C48C /* typing.png */,
				2939CF8E194E367E00A0C48C /* typing@2x.png */,
			);
			path = Images;
			sourceTree = "<group>";
		};
		2939CF8F194E367E00A0C48C /* Sounds */ = {
			isa = PBXGroup;
			children = (
				2939CF90194E367E00A0C48C /* message_received.aiff */,
				2939CF91194E367E00A0C48C /* message_sent.aiff */,
			);
			path = Sounds;
			sourceTree = "<group>";
		};
		2939CF92194E367E00A0C48C /* Categories */ = {
			isa = PBXGroup;
			children = (
				2939CF93194E367E00A0C48C /* JSQSystemSoundPlayer+JSQMessages.h */,
				2939CF94194E367E00A0C48C /* JSQSystemSoundPlayer+JSQMessages.m */,
				2939CF95194E367E00A0C48C /* NSString+JSQMessages.h */,
				2939CF96194E367E00A0C48C /* NSString+JSQMessages.m */,
				2939CF97194E367E00A0C48C /* UIColor+JSQMessages.h */,
				2939CF98194E367E00A0C48C /* UIColor+JSQMessages.m */,
				2939CF99194E367E00A0C48C /* UIImage+JSQMessages.h */,
				2939CF9A194E367E00A0C48C /* UIImage+JSQMessages.m */,
				2939CF9B194E367E00A0C48C /* UIView+JSQMessages.h */,
				2939CF9C194E367E00A0C48C /* UIView+JSQMessages.m */,
			);
			path = Categories;
			sourceTree = "<group>";
		};
		2939CF9D194E367E00A0C48C /* Controllers */ = {
			isa = PBXGroup;
			children = (
				2939CF9E194E367E00A0C48C /* JSQMessagesKeyboardController.h */,
				2939CF9F194E367E00A0C48C /* JSQMessagesKeyboardController.m */,
				2939CFA0194E367E00A0C48C /* JSQMessagesViewController.h */,
				2939CFA1194E367E00A0C48C /* JSQMessagesViewController.m */,
				2939CFA2194E367E00A0C48C /* JSQMessagesViewController.xib */,
			);
			path = Controllers;
			sourceTree = "<group>";
		};
		2939CFA3194E367E00A0C48C /* Factories */ = {
			isa = PBXGroup;
			children = (
				2939CFA4194E367E00A0C48C /* JSQMessagesAvatarFactory.h */,
				2939CFA5194E367E00A0C48C /* JSQMessagesAvatarFactory.m */,
				2939CFA6194E367E00A0C48C /* JSQMessagesBubbleImageFactory.h */,
				2939CFA7194E367E00A0C48C /* JSQMessagesBubbleImageFactory.m */,
				2939CFA8194E367E00A0C48C /* JSQMessagesTimestampFormatter.h */,
				2939CFA9194E367E00A0C48C /* JSQMessagesTimestampFormatter.m */,
				2939CFAA194E367E00A0C48C /* JSQMessagesToolbarButtonFactory.h */,
				2939CFAB194E367E00A0C48C /* JSQMessagesToolbarButtonFactory.m */,
			);
			path = Factories;
			sourceTree = "<group>";
		};
		2939CFAD194E367E00A0C48C /* Layout */ = {
			isa = PBXGroup;
			children = (
				2939CFAE194E367E00A0C48C /* JSQMessagesCollectionViewFlowLayout.h */,
				2939CFAF194E367E00A0C48C /* JSQMessagesCollectionViewFlowLayout.m */,
				2939CFB0194E367E00A0C48C /* JSQMessagesCollectionViewFlowLayoutInvalidationContext.h */,
				2939CFB1194E367E00A0C48C /* JSQMessagesCollectionViewFlowLayoutInvalidationContext.m */,
				2939CFB2194E367E00A0C48C /* JSQMessagesCollectionViewLayoutAttributes.h */,
				2939CFB3194E367E00A0C48C /* JSQMessagesCollectionViewLayoutAttributes.m */,
			);
			path = Layout;
			sourceTree = "<group>";
		};
		2939CFB4194E367E00A0C48C /* Model */ = {
			isa = PBXGroup;
			children = (
				2939CFB5194E367E00A0C48C /* JSQMessage.h */,
				2939CFB6194E367E00A0C48C /* JSQMessage.m */,
				2939CFB7194E367E00A0C48C /* JSQMessageData.h */,
			);
			path = Model;
			sourceTree = "<group>";
		};
		2939CFB8194E367E00A0C48C /* Views */ = {
			isa = PBXGroup;
			children = (
				2939CFB9194E367E00A0C48C /* JSQMessagesCollectionView.h */,
				2939CFBA194E367E00A0C48C /* JSQMessagesCollectionView.m */,
				2939CFBB194E367E00A0C48C /* JSQMessagesCollectionViewCell.h */,
				2939CFBC194E367E00A0C48C /* JSQMessagesCollectionViewCell.m */,
				2939CFBD194E367E00A0C48C /* JSQMessagesCollectionViewCellIncoming.h */,
				2939CFBE194E367E00A0C48C /* JSQMessagesCollectionViewCellIncoming.m */,
				2939CFBF194E367E00A0C48C /* JSQMessagesCollectionViewCellIncoming.xib */,
				2939CFC0194E367E00A0C48C /* JSQMessagesCollectionViewCellOutgoing.h */,
				2939CFC1194E367E00A0C48C /* JSQMessagesCollectionViewCellOutgoing.m */,
				2939CFC2194E367E00A0C48C /* JSQMessagesCollectionViewCellOutgoing.xib */,
				2939CFC3194E367E00A0C48C /* JSQMessagesComposerTextView.h */,
				2939CFC4194E367E00A0C48C /* JSQMessagesComposerTextView.m */,
				2939CFC5194E367E00A0C48C /* JSQMessagesInputToolbar.h */,
				2939CFC6194E367E00A0C48C /* JSQMessagesInputToolbar.m */,
				2939CFC7194E367E00A0C48C /* JSQMessagesLabel.h */,
				2939CFC8194E367E00A0C48C /* JSQMessagesLabel.m */,
				2939CFC9194E367E00A0C48C /* JSQMessagesLoadEarlierHeaderView.h */,
				2939CFCA194E367E00A0C48C /* JSQMessagesLoadEarlierHeaderView.m */,
				2939CFCB194E367E00A0C48C /* JSQMessagesLoadEarlierHeaderView.xib */,
				2939CFCC194E367E00A0C48C /* JSQMessagesToolbarContentView.h */,
				2939CFCD194E367E00A0C48C /* JSQMessagesToolbarContentView.m */,
				2939CFCE194E367E00A0C48C /* JSQMessagesToolbarContentView.xib */,
				2939CFCF194E367E00A0C48C /* JSQMessagesTypingIndicatorFooterView.h */,
				2939CFD0194E367E00A0C48C /* JSQMessagesTypingIndicatorFooterView.m */,
				2939CFD1194E367E00A0C48C /* JSQMessagesTypingIndicatorFooterView.xib */,
			);
			path = Views;
			sourceTree = "<group>";
		};
		2939CFD2194E367E00A0C48C /* JSQSystemSoundPlayer */ = {
			isa = PBXGroup;
			children = (
				2939CFD3194E367E00A0C48C /* Classes */,
			);
			path = JSQSystemSoundPlayer;
			sourceTree = "<group>";
		};
		2939CFD3194E367E00A0C48C /* Classes */ = {
			isa = PBXGroup;
			children = (
				2939CFD4194E367E00A0C48C /* JSQSystemSoundPlayer.h */,
				2939CFD5194E367E00A0C48C /* JSQSystemSoundPlayer.m */,
			);
			path = Classes;
			sourceTree = "<group>";
		};
		2939CFD6194E367E00A0C48C /* ProgressHUD */ = {
			isa = PBXGroup;
			children = (
				2939CFD7194E367E00A0C48C /* ProgressHUD.bundle */,
				2939CFD8194E367E00A0C48C /* ProgressHUD.h */,
				2939CFD9194E367E00A0C48C /* ProgressHUD.m */,
			);
			path = ProgressHUD;
			sourceTree = "<group>";
		};
		2939D01F194E368300A0C48C /* Resources */ = {
			isa = PBXGroup;
			children = (
				2939D036194E3BC900A0C48C /* blank_avatar@2x.png */,
				2939D020194E368300A0C48C /* background.png */,
				2939D021194E368300A0C48C /* logo.png */,
			);
			path = Resources;
			sourceTree = "<group>";
		};
		2939D024194E368900A0C48C /* Chat */ = {
			isa = PBXGroup;
			children = (
				2939D025194E368900A0C48C /* ChatView.h */,
				2939D026194E368900A0C48C /* ChatView.m */,
				2939D029194E368900A0C48C /* LoginView.h */,
				2939D02A194E368900A0C48C /* LoginView.m */,
				2939D02B194E368900A0C48C /* LoginView.xib */,
				2939D02C194E368900A0C48C /* MenuView.h */,
				2939D02D194E368900A0C48C /* MenuView.m */,
				2939D02E194E368900A0C48C /* utilities.h */,
				2939D02F194E368900A0C48C /* utilities.m */,
			);
			path = Chat;
			sourceTree = "<group>";
		};
		29AAAC4C17E4B2CC00D2AB10 = {
			isa = PBXGroup;
			children = (
				2939D024194E368900A0C48C /* Chat */,
				2939D01F194E368300A0C48C /* Resources */,
				2939CF54194E367E00A0C48C /* Vendor */,
				29AAAC5E17E4B2CC00D2AB10 /* app */,
				29AAAC5717E4B2CC00D2AB10 /* Frameworks */,
				29AAAC5617E4B2CC00D2AB10 /* Products */,
			);
			sourceTree = "<group>";
		};
		29AAAC5617E4B2CC00D2AB10 /* Products */ = {
			isa = PBXGroup;
			children = (
				29AAAC5517E4B2CC00D2AB10 /* app.app */,
			);
			name = Products;
			sourceTree = "<group>";
		};
		29AAAC5717E4B2CC00D2AB10 /* Frameworks */ = {
			isa = PBXGroup;
			children = (
				296B8A08193676C20099E8E1 /* FirebaseSimpleLogin.framework */,
				296B8A06193676BA0099E8E1 /* Firebase.framework */,
				29BFE3F718832C2800A9B14F /* libc++.dylib */,
				299F13CC17F4CB89006AD9F4 /* libicucore.dylib */,
				29BFE3F518832BF700A9B14F /* Social.framework */,
				29BFE3F318832BF000A9B14F /* Accounts.framework */,
				299F13C817F4CB42006AD9F4 /* CFNetwork.framework */,
				299F13CA17F4CB77006AD9F4 /* Security.framework */,
				295F8FC917E4B83300C4EDB8 /* SystemConfiguration.framework */,
				29AAAC5817E4B2CC00D2AB10 /* Foundation.framework */,
				29AAAC5A17E4B2CC00D2AB10 /* CoreGraphics.framework */,
				29AAAC5C17E4B2CC00D2AB10 /* UIKit.framework */,
			);
			name = Frameworks;
			sourceTree = "<group>";
		};
		29AAAC5E17E4B2CC00D2AB10 /* app */ = {
			isa = PBXGroup;
			children = (
				295F8FD917E4B8A700C4EDB8 /* AppConstant.h */,
				29AAAC6717E4B2CC00D2AB10 /* AppDelegate.h */,
				29AAAC6817E4B2CC00D2AB10 /* AppDelegate.m */,
				29AAAC6A17E4B2CC00D2AB10 /* Images.xcassets */,
				29AAAC5F17E4B2CC00D2AB10 /* Supporting Files */,
			);
			path = app;
			sourceTree = "<group>";
		};
		29AAAC5F17E4B2CC00D2AB10 /* Supporting Files */ = {
			isa = PBXGroup;
			children = (
				29AAAC6017E4B2CC00D2AB10 /* app-Info.plist */,
				29AAAC6117E4B2CC00D2AB10 /* InfoPlist.strings */,
				29AAAC6417E4B2CC00D2AB10 /* main.m */,
				29AAAC6617E4B2CC00D2AB10 /* app-Prefix.pch */,
			);
			name = "Supporting Files";
			sourceTree = "<group>";
		};
/* End PBXGroup section */

/* Begin PBXNativeTarget section */
		29AAAC5417E4B2CC00D2AB10 /* app */ = {
			isa = PBXNativeTarget;
			buildConfigurationList = 29AAAC8117E4B2CC00D2AB10 /* Build configuration list for PBXNativeTarget "app" */;
			buildPhases = (
				29AAAC5117E4B2CC00D2AB10 /* Sources */,
				29AAAC5217E4B2CC00D2AB10 /* Frameworks */,
				29AAAC5317E4B2CC00D2AB10 /* Resources */,
			);
			buildRules = (
			);
			dependencies = (
			);
			name = app;
			productName = app;
			productReference = 29AAAC5517E4B2CC00D2AB10 /* app.app */;
			productType = "com.apple.product-type.application";
		};
/* End PBXNativeTarget section */

/* Begin PBXProject section */
		29AAAC4D17E4B2CC00D2AB10 /* Project object */ = {
			isa = PBXProject;
			attributes = {
				LastUpgradeCheck = 0510;
				ORGANIZATIONNAME = KZ;
			};
			buildConfigurationList = 29AAAC5017E4B2CC00D2AB10 /* Build configuration list for PBXProject "app" */;
			compatibilityVersion = "Xcode 3.2";
			developmentRegion = English;
			hasScannedForEncodings = 0;
			knownRegions = (
				en,
			);
			mainGroup = 29AAAC4C17E4B2CC00D2AB10;
			productRefGroup = 29AAAC5617E4B2CC00D2AB10 /* Products */;
			projectDirPath = "";
			projectRoot = "";
			targets = (
				29AAAC5417E4B2CC00D2AB10 /* app */,
			);
		};
/* End PBXProject section */

/* Begin PBXResourcesBuildPhase section */
		29AAAC5317E4B2CC00D2AB10 /* Resources */ = {
			isa = PBXResourcesBuildPhase;
			buildActionMask = 2147483647;
			files = (
				29AAAC6317E4B2CC00D2AB10 /* InfoPlist.strings in Resources */,
				29AAAC6B17E4B2CC00D2AB10 /* Images.xcassets in Resources */,
				2939CFEF194E367E00A0C48C /* bubble_min_tailless.png in Resources */,
				2939D037194E3BC900A0C48C /* blank_avatar@2x.png in Resources */,
				2939D01B194E367E00A0C48C /* JSQMessagesTypingIndicatorFooterView.xib in Resources */,
				2939CFF8194E367E00A0C48C /* camera@2x.png in Resources */,
				2939D01D194E367E00A0C48C /* ProgressHUD.bundle in Resources */,
				2939CFED194E367E00A0C48C /* bubble_min.png in Resources */,
				2939CFF7194E367E00A0C48C /* camera.png in Resources */,
				2939CFEC194E367E00A0C48C /* bubble@2x.png in Resources */,
				2939D022194E368300A0C48C /* background.png in Resources */,
				2939CFEB194E367E00A0C48C /* bubble.png in Resources */,
				2939CFF4194E367E00A0C48C /* bubble_stroked_tailless@2x.png in Resources */,
				2939CFFA194E367E00A0C48C /* typing@2x.png in Resources */,
				2939CFF6194E367E00A0C48C /* bubble_tailless@2x.png in Resources */,
				2939D017194E367E00A0C48C /* JSQMessagesLoadEarlierHeaderView.xib in Resources */,
				2939CFFB194E367E00A0C48C /* message_received.aiff in Resources */,
				2939D023194E368300A0C48C /* logo.png in Resources */,
				2939CFF0194E367E00A0C48C /* bubble_min_tailless@2x.png in Resources */,
				2939CFF5194E367E00A0C48C /* bubble_tailless.png in Resources */,
				2939CFF3194E367E00A0C48C /* bubble_stroked_tailless.png in Resources */,
				2939D033194E368900A0C48C /* LoginView.xib in Resources */,
				2939CFF2194E367E00A0C48C /* bubble_stroked@2x.png in Resources */,
				2939D019194E367E00A0C48C /* JSQMessagesToolbarContentView.xib in Resources */,
				2939CFF9194E367E00A0C48C /* typing.png in Resources */,
				2939CFF1194E367E00A0C48C /* bubble_stroked.png in Resources */,
				2939D012194E367E00A0C48C /* JSQMessagesCollectionViewCellOutgoing.xib in Resources */,
				2939CFEE194E367E00A0C48C /* bubble_min@2x.png in Resources */,
				2939D010194E367E00A0C48C /* JSQMessagesCollectionViewCellIncoming.xib in Resources */,
				2939CFFC194E367E00A0C48C /* message_sent.aiff in Resources */,
				2939D004194E367E00A0C48C /* JSQMessagesViewController.xib in Resources */,
			);
			runOnlyForDeploymentPostprocessing = 0;
		};
/* End PBXResourcesBuildPhase section */

/* Begin PBXSourcesBuildPhase section */
		29AAAC5117E4B2CC00D2AB10 /* Sources */ = {
			isa = PBXSourcesBuildPhase;
			buildActionMask = 2147483647;
			files = (
				2939D01C194E367E00A0C48C /* JSQSystemSoundPlayer.m in Sources */,
				2939CFE0194E367E00A0C48C /* AFURLRequestSerialization.m in Sources */,
				2939CFDF194E367E00A0C48C /* AFURLConnectionOperation.m in Sources */,
				2939D00B194E367E00A0C48C /* JSQMessagesCollectionViewLayoutAttributes.m in Sources */,
				2939CFFE194E367E00A0C48C /* NSString+JSQMessages.m in Sources */,
				2939D00F194E367E00A0C48C /* JSQMessagesCollectionViewCellIncoming.m in Sources */,
				2939D008194E367E00A0C48C /* JSQMessagesToolbarButtonFactory.m in Sources */,
				2939CFE5194E367E00A0C48C /* UIAlertView+AFNetworking.m in Sources */,
				2939D01E194E367E00A0C48C /* ProgressHUD.m in Sources */,
				2939D034194E368900A0C48C /* MenuView.m in Sources */,
				2939D005194E367E00A0C48C /* JSQMessagesAvatarFactory.m in Sources */,
				2939D030194E368900A0C48C /* ChatView.m in Sources */,
				2939D032194E368900A0C48C /* LoginView.m in Sources */,
				2939CFDE194E367E00A0C48C /* AFSecurityPolicy.m in Sources */,
				2939D003194E367E00A0C48C /* JSQMessagesViewController.m in Sources */,
				2939CFDA194E367E00A0C48C /* AFHTTPRequestOperation.m in Sources */,
				2939D011194E367E00A0C48C /* JSQMessagesCollectionViewCellOutgoing.m in Sources */,
				2939CFE2194E367E00A0C48C /* AFURLSessionManager.m in Sources */,
				2939D01A194E367E00A0C48C /* JSQMessagesTypingIndicatorFooterView.m in Sources */,
				2939CFE1194E367E00A0C48C /* AFURLResponseSerialization.m in Sources */,
				2939D035194E368900A0C48C /* utilities.m in Sources */,
				2939D015194E367E00A0C48C /* JSQMessagesLabel.m in Sources */,
				2939D000194E367E00A0C48C /* UIImage+JSQMessages.m in Sources */,
				2939CFFD194E367E00A0C48C /* JSQSystemSoundPlayer+JSQMessages.m in Sources */,
				29AAAC6917E4B2CC00D2AB10 /* AppDelegate.m in Sources */,
				2939CFFF194E367E00A0C48C /* UIColor+JSQMessages.m in Sources */,
				2939CFE8194E367E00A0C48C /* UIProgressView+AFNetworking.m in Sources */,
				2939D018194E367E00A0C48C /* JSQMessagesToolbarContentView.m in Sources */,
				2939CFDC194E367E00A0C48C /* AFHTTPSessionManager.m in Sources */,
				2939D016194E367E00A0C48C /* JSQMessagesLoadEarlierHeaderView.m in Sources */,
				2939CFE3194E367E00A0C48C /* AFNetworkActivityIndicatorManager.m in Sources */,
				2939CFDB194E367E00A0C48C /* AFHTTPRequestOperationManager.m in Sources */,
				2939CFE7194E367E00A0C48C /* UIImageView+AFNetworking.m in Sources */,
				2939D00D194E367E00A0C48C /* JSQMessagesCollectionView.m in Sources */,
				2939D006194E367E00A0C48C /* JSQMessagesBubbleImageFactory.m in Sources */,
				2939D001194E367E00A0C48C /* UIView+JSQMessages.m in Sources */,
				2939CFE6194E367E00A0C48C /* UIButton+AFNetworking.m in Sources */,
				2939D013194E367E00A0C48C /* JSQMessagesComposerTextView.m in Sources */,
				2939CFE9194E367E00A0C48C /* UIRefreshControl+AFNetworking.m in Sources */,
				2939D007194E367E00A0C48C /* JSQMessagesTimestampFormatter.m in Sources */,
				2939D002194E367E00A0C48C /* JSQMessagesKeyboardController.m in Sources */,
				2939D009194E367E00A0C48C /* JSQMessagesCollectionViewFlowLayout.m in Sources */,
				2939D00C194E367E00A0C48C /* JSQMessage.m in Sources */,
				2939CFEA194E367E00A0C48C /* UIWebView+AFNetworking.m in Sources */,
				2939CFDD194E367E00A0C48C /* AFNetworkReachabilityManager.m in Sources */,
				2939D00A194E367E00A0C48C /* JSQMessagesCollectionViewFlowLayoutInvalidationContext.m in Sources */,
				29AAAC6517E4B2CC00D2AB10 /* main.m in Sources */,
				2939D014194E367E00A0C48C /* JSQMessagesInputToolbar.m in Sources */,
				2939CFE4194E367E00A0C48C /* UIActivityIndicatorView+AFNetworking.m in Sources */,
				2939D00E194E367E00A0C48C /* JSQMessagesCollectionViewCell.m in Sources */,
			);
			runOnlyForDeploymentPostprocessing = 0;
		};
/* End PBXSourcesBuildPhase section */

/* Begin PBXVariantGroup section */
		29AAAC6117E4B2CC00D2AB10 /* InfoPlist.strings */ = {
			isa = PBXVariantGroup;
			children = (
				29AAAC6217E4B2CC00D2AB10 /* en */,
			);
			name = InfoPlist.strings;
			sourceTree = "<group>";
		};
/* End PBXVariantGroup section */

/* Begin XCBuildConfiguration section */
		29AAAC7F17E4B2CC00D2AB10 /* Debug */ = {
			isa = XCBuildConfiguration;
			buildSettings = {
				ALWAYS_SEARCH_USER_PATHS = NO;
				CLANG_CXX_LANGUAGE_STANDARD = "gnu++0x";
				CLANG_CXX_LIBRARY = "libc++";
				CLANG_ENABLE_MODULES = YES;
				CLANG_ENABLE_OBJC_ARC = YES;
				CLANG_WARN_BOOL_CONVERSION = YES;
				CLANG_WARN_CONSTANT_CONVERSION = YES;
				CLANG_WARN_DIRECT_OBJC_ISA_USAGE = YES_ERROR;
				CLANG_WARN_EMPTY_BODY = YES;
				CLANG_WARN_ENUM_CONVERSION = YES;
				CLANG_WARN_INT_CONVERSION = YES;
				CLANG_WARN_OBJC_ROOT_CLASS = YES_ERROR;
				CLANG_WARN__DUPLICATE_METHOD_MATCH = YES;
				CODE_SIGN_IDENTITY = "";
				"CODE_SIGN_IDENTITY[sdk=iphoneos*]" = "";
				COPY_PHASE_STRIP = NO;
				GCC_C_LANGUAGE_STANDARD = gnu99;
				GCC_DYNAMIC_NO_PIC = NO;
				GCC_OPTIMIZATION_LEVEL = 0;
				GCC_PREPROCESSOR_DEFINITIONS = (
					"DEBUG=1",
					"$(inherited)",
				);
				GCC_SYMBOLS_PRIVATE_EXTERN = NO;
				GCC_WARN_64_TO_32_BIT_CONVERSION = YES;
				GCC_WARN_ABOUT_RETURN_TYPE = YES_ERROR;
				GCC_WARN_UNDECLARED_SELECTOR = YES;
				GCC_WARN_UNINITIALIZED_AUTOS = YES;
				GCC_WARN_UNUSED_FUNCTION = YES;
				GCC_WARN_UNUSED_VARIABLE = YES;
				IPHONEOS_DEPLOYMENT_TARGET = 7.0;
				ONLY_ACTIVE_ARCH = YES;
				SDKROOT = iphoneos;
			};
			name = Debug;
		};
		29AAAC8017E4B2CC00D2AB10 /* Release */ = {
			isa = XCBuildConfiguration;
			buildSettings = {
				ALWAYS_SEARCH_USER_PATHS = NO;
				CLANG_CXX_LANGUAGE_STANDARD = "gnu++0x";
				CLANG_CXX_LIBRARY = "libc++";
				CLANG_ENABLE_MODULES = YES;
				CLANG_ENABLE_OBJC_ARC = YES;
				CLANG_WARN_BOOL_CONVERSION = YES;
				CLANG_WARN_CONSTANT_CONVERSION = YES;
				CLANG_WARN_DIRECT_OBJC_ISA_USAGE = YES_ERROR;
				CLANG_WARN_EMPTY_BODY = YES;
				CLANG_WARN_ENUM_CONVERSION = YES;
				CLANG_WARN_INT_CONVERSION = YES;
				CLANG_WARN_OBJC_ROOT_CLASS = YES_ERROR;
				CLANG_WARN__DUPLICATE_METHOD_MATCH = YES;
				"CODE_SIGN_IDENTITY[sdk=iphoneos*]" = "";
				COPY_PHASE_STRIP = YES;
				ENABLE_NS_ASSERTIONS = NO;
				GCC_C_LANGUAGE_STANDARD = gnu99;
				GCC_WARN_64_TO_32_BIT_CONVERSION = YES;
				GCC_WARN_ABOUT_RETURN_TYPE = YES_ERROR;
				GCC_WARN_UNDECLARED_SELECTOR = YES;
				GCC_WARN_UNINITIALIZED_AUTOS = YES;
				GCC_WARN_UNUSED_FUNCTION = YES;
				GCC_WARN_UNUSED_VARIABLE = YES;
				IPHONEOS_DEPLOYMENT_TARGET = 7.0;
				SDKROOT = iphoneos;
				VALIDATE_PRODUCT = YES;
			};
			name = Release;
		};
		29AAAC8217E4B2CC00D2AB10 /* Debug */ = {
			isa = XCBuildConfiguration;
			buildSettings = {
				ASSETCATALOG_COMPILER_APPICON_NAME = AppIcon;
				ASSETCATALOG_COMPILER_LAUNCHIMAGE_NAME = LaunchImage;
				CODE_SIGN_IDENTITY = "iPhone Developer";
				FRAMEWORK_SEARCH_PATHS = (
					"$(inherited)",
					"$(SRCROOT)/framework",
					"$(PROJECT_DIR)",
					"$(PROJECT_DIR)/framework",
				);
				GCC_PRECOMPILE_PREFIX_HEADER = YES;
				GCC_PREFIX_HEADER = "app/app-Prefix.pch";
				INFOPLIST_FILE = "app/app-Info.plist";
				IPHONEOS_DEPLOYMENT_TARGET = 7.0;
				OTHER_LDFLAGS = "-ObjC";
				PRODUCT_NAME = "$(TARGET_NAME)";
				TARGETED_DEVICE_FAMILY = 1;
				WRAPPER_EXTENSION = app;
			};
			name = Debug;
		};
		29AAAC8317E4B2CC00D2AB10 /* Release */ = {
			isa = XCBuildConfiguration;
			buildSettings = {
				ASSETCATALOG_COMPILER_APPICON_NAME = AppIcon;
				ASSETCATALOG_COMPILER_LAUNCHIMAGE_NAME = LaunchImage;
				CODE_SIGN_IDENTITY = "";
				FRAMEWORK_SEARCH_PATHS = (
					"$(inherited)",
					"$(SRCROOT)/framework",
					"$(PROJECT_DIR)",
					"$(PROJECT_DIR)/framework",
				);
				GCC_PRECOMPILE_PREFIX_HEADER = YES;
				GCC_PREFIX_HEADER = "app/app-Prefix.pch";
				INFOPLIST_FILE = "app/app-Info.plist";
				IPHONEOS_DEPLOYMENT_TARGET = 7.0;
				OTHER_LDFLAGS = "-ObjC";
				PRODUCT_NAME = "$(TARGET_NAME)";
				TARGETED_DEVICE_FAMILY = 1;
				WRAPPER_EXTENSION = app;
			};
			name = Release;
		};
		29E6789517E4B62300772207 /* AppStore */ = {
			isa = XCBuildConfiguration;
			buildSettings = {
				ALWAYS_SEARCH_USER_PATHS = NO;
				CLANG_CXX_LANGUAGE_STANDARD = "gnu++0x";
				CLANG_CXX_LIBRARY = "libc++";
				CLANG_ENABLE_MODULES = YES;
				CLANG_ENABLE_OBJC_ARC = YES;
				CLANG_WARN_BOOL_CONVERSION = YES;
				CLANG_WARN_CONSTANT_CONVERSION = YES;
				CLANG_WARN_DIRECT_OBJC_ISA_USAGE = YES_ERROR;
				CLANG_WARN_EMPTY_BODY = YES;
				CLANG_WARN_ENUM_CONVERSION = YES;
				CLANG_WARN_INT_CONVERSION = YES;
				CLANG_WARN_OBJC_ROOT_CLASS = YES_ERROR;
				CLANG_WARN__DUPLICATE_METHOD_MATCH = YES;
				CODE_SIGN_IDENTITY = "";
				"CODE_SIGN_IDENTITY[sdk=iphoneos*]" = "";
				COPY_PHASE_STRIP = YES;
				ENABLE_NS_ASSERTIONS = NO;
				GCC_C_LANGUAGE_STANDARD = gnu99;
				GCC_WARN_64_TO_32_BIT_CONVERSION = YES;
				GCC_WARN_ABOUT_RETURN_TYPE = YES_ERROR;
				GCC_WARN_UNDECLARED_SELECTOR = YES;
				GCC_WARN_UNINITIALIZED_AUTOS = YES;
				GCC_WARN_UNUSED_FUNCTION = YES;
				GCC_WARN_UNUSED_VARIABLE = YES;
				IPHONEOS_DEPLOYMENT_TARGET = 7.0;
				SDKROOT = iphoneos;
				VALIDATE_PRODUCT = YES;
			};
			name = AppStore;
		};
		29E6789617E4B62300772207 /* AppStore */ = {
			isa = XCBuildConfiguration;
			buildSettings = {
				ASSETCATALOG_COMPILER_APPICON_NAME = AppIcon;
				ASSETCATALOG_COMPILER_LAUNCHIMAGE_NAME = LaunchImage;
				CODE_SIGN_IDENTITY = "";
				FRAMEWORK_SEARCH_PATHS = (
					"$(inherited)",
					"$(SRCROOT)/framework",
					"$(PROJECT_DIR)",
					"$(PROJECT_DIR)/framework",
				);
				GCC_PRECOMPILE_PREFIX_HEADER = YES;
				GCC_PREFIX_HEADER = "app/app-Prefix.pch";
				INFOPLIST_FILE = "app/app-Info.plist";
				IPHONEOS_DEPLOYMENT_TARGET = 7.0;
				OTHER_LDFLAGS = "-ObjC";
				PRODUCT_NAME = "$(TARGET_NAME)";
				TARGETED_DEVICE_FAMILY = 1;
				WRAPPER_EXTENSION = app;
			};
			name = AppStore;
		};
/* End XCBuildConfiguration section */

/* Begin XCConfigurationList section */
		29AAAC5017E4B2CC00D2AB10 /* Build configuration list for PBXProject "app" */ = {
			isa = XCConfigurationList;
			buildConfigurations = (
				29AAAC7F17E4B2CC00D2AB10 /* Debug */,
				29AAAC8017E4B2CC00D2AB10 /* Release */,
				29E6789517E4B62300772207 /* AppStore */,
			);
			defaultConfigurationIsVisible = 0;
			defaultConfigurationName = Release;
		};
		29AAAC8117E4B2CC00D2AB10 /* Build configuration list for PBXNativeTarget "app" */ = {
			isa = XCConfigurationList;
			buildConfigurations = (
				29AAAC8217E4B2CC00D2AB10 /* Debug */,
				29AAAC8317E4B2CC00D2AB10 /* Release */,
				29E6789617E4B62300772207 /* AppStore */,
			);
			defaultConfigurationIsVisible = 0;
			defaultConfigurationName = Release;
		};
/* End XCConfigurationList section */
	};
	rootObject = 29AAAC4D17E4B2CC00D2AB10 /* Project object */;
}
